<?xml version="1.0" encoding="utf-8"?>
<Project ToolsVersion="4.0" xmlns="http://schemas.microsoft.com/developer/msbuild/2003">
  <ItemGroup>
    <Filter Include="源文件">
      <UniqueIdentifier>{4FC737F1-C7A5-4376-A066-2A32D752A2FF}</UniqueIdentifier>
      <Extensions>cpp;c;cc;cxx;c++;cppm;ixx;def;odl;idl;hpj;bat;asm;asmx</Extensions>
    </Filter>
    <Filter Include="头文件">
      <UniqueIdentifier>{93995380-89BD-4b04-88EB-625FBE52EBFB}</UniqueIdentifier>
      <Extensions>h;hh;hpp;hxx;h++;hm;inl;inc;ipp;xsd</Extensions>
    </Filter>
    <Filter Include="资源文件">
      <UniqueIdentifier>{67DA6AB6-F800-4c08-8B7A-83BB121AAD01}</UniqueIdentifier>
      <Extensions>rc;ico;cur;bmp;dlg;rc2;rct;bin;rgs;gif;jpg;jpeg;jpe;resx;tiff;tif;png;wav;mfcribbon-ms</Extensions>
    </Filter>
    <Filter Include="头文件\include">
      <UniqueIdentifier>{1114edf2-6a1d-404f-b56a-1f86f12b3b48}</UniqueIdentifier>
    </Filter>
    <Filter Include="源文件\src">
      <UniqueIdentifier>{649b54a5-f8b0-4ae2-937c-298c0516644c}</UniqueIdentifier>
    </Filter>
    <Filter Include="源文件\shaders">
      <UniqueIdentifier>{88e76d19-d643-4650-adeb-53d14ed94b81}</UniqueIdentifier>
    </Filter>
    <Filter Include="头文件\base">
      <UniqueIdentifier>{e92af777-e525-4717-b068-169c3f5b31cf}</UniqueIdentifier>
    </Filter>
  </ItemGroup>
  <ItemGroup>
    <None Include="README.md" />
    <None Include="src\Shaders\RT.frag">
      <Filter>源文件\shaders</Filter>
    </None>
    <None Include=".editorconfig" />
  </ItemGroup>
  <ItemGroup>
    <ClCompile Include="src\main.cpp">
      <Filter>源文件</Filter>
    </ClCompile>
    <ClCompile Include="src\Camera.cpp">
      <Filter>源文件\src</Filter>
    </ClCompile>
    <ClCompile Include="src\Hittable.cpp">
      <Filter>源文件\src</Filter>
    </ClCompile>
    <ClCompile Include="src\Scene.cpp">
      <Filter>源文件\src</Filter>
    </ClCompile>
    <ClCompile Include="src\Object.cpp">
      <Filter>源文件</Filter>
    </ClCompile>
    <ClCompile Include="src\ObjectPool.cpp">
      <Filter>源文件</Filter>
    </ClCompile>
    <ClCompile Include="src\SDLWindow.cpp">
      <Filter>源文件</Filter>
    </ClCompile>
    <ClCompile Include="src\Surface.cpp">
      <Filter>源文件</Filter>
    </ClCompile>
    <ClCompile Include="src\WindowManager.cpp">
      <Filter>源文件</Filter>
    </ClCompile>
    <ClCompile Include="src\Core\Log.cpp">
      <Filter>源文件</Filter>
    </ClCompile>
    <ClCompile Include="src\Core\KeyEvent.h">
      <Filter>源文件</Filter>
    </ClCompile>
  </ItemGroup>
  <ItemGroup>
    <ClInclude Include="include\Def.h">
      <Filter>头文件\include</Filter>
    </ClInclude>
    <ClInclude Include="include\Camera.h">
      <Filter>头文件\include</Filter>
    </ClInclude>
    <ClInclude Include="include\Hittable.h">
      <Filter>头文件\include</Filter>
    </ClInclude>
    <ClInclude Include="include\Scene.h">
      <Filter>头文件\include</Filter>
    </ClInclude>
    <ClInclude Include="include\Singleton.h">
      <Filter>头文件\base</Filter>
    </ClInclude>
    <ClInclude Include="include\Marcos.h">
      <Filter>头文件\base</Filter>
    </ClInclude>
    <ClInclude Include="include\Object.h">
      <Filter>头文件\base</Filter>
    </ClInclude>
    <ClInclude Include="include\ObjectPool.h">
      <Filter>头文件\base</Filter>
    </ClInclude>
    <ClInclude Include="include\SDLWindow.h">
      <Filter>头文件\include</Filter>
    </ClInclude>
    <ClInclude Include="test\SDLTest.h">
      <Filter>头文件</Filter>
    </ClInclude>
    <ClInclude Include="test\SDLWinTest.h">
      <Filter>头文件</Filter>
    </ClInclude>
    <ClInclude Include="include\Surface.h">
      <Filter>头文件</Filter>
    </ClInclude>
    <ClInclude Include="test\SDLSufaceTest.h">
      <Filter>头文件</Filter>
    </ClInclude>
    <ClInclude Include="src\ECS\Event.h">
      <Filter>头文件</Filter>
    </ClInclude>
    <ClInclude Include="src\ECS\Types.h">
      <Filter>头文件</Filter>
    </ClInclude>
    <ClInclude Include="src\ECS\EventManager.h">
      <Filter>头文件</Filter>
    </ClInclude>
    <ClInclude Include="src\ECS\Coordinator.h">
      <Filter>头文件</Filter>
    </ClInclude>
    <ClInclude Include="src\ECS\EntityManager.h">
      <Filter>头文件</Filter>
    </ClInclude>
    <ClInclude Include="src\ECS\ComponentManager.h">
      <Filter>头文件</Filter>
    </ClInclude>
    <ClInclude Include="src\ECS\ComponentArray.h">
      <Filter>头文件</Filter>
    </ClInclude>
    <ClInclude Include="src\ECS\System.h">
      <Filter>头文件</Filter>
    </ClInclude>
    <ClInclude Include="src\ECS\SystemManager.h">
      <Filter>头文件</Filter>
    </ClInclude>
    <ClInclude Include="include\WindowManager.h">
      <Filter>头文件</Filter>
    </ClInclude>
    <ClInclude Include="test\ECSTest.h">
      <Filter>头文件</Filter>
    </ClInclude>
    <ClInclude Include="src\Core\Log.h">
      <Filter>头文件</Filter>
    </ClInclude>
    <ClInclude Include="src\Core\Base.h">
      <Filter>头文件</Filter>
    </ClInclude>
    <ClInclude Include="src\Core\Event.h">
      <Filter>头文件</Filter>
    </ClInclude>
    <ClInclude Include="src\Core\KeyCode.h">
      <Filter>头文件</Filter>
    </ClInclude>
  </ItemGroup>
</Project>